// !$*UTF8*$!
{
	archiveVersion = 1;
	classes = {
	};
	objectVersion = 50;
	objects = {

/* Begin PBXBuildFile section */
		FA8ABD6B241D62FC00034F1D /* UIHelper.swift in Sources */ = {isa = PBXBuildFile; fileRef = FA8ABD6A241D62FC00034F1D /* UIHelper.swift */; };
		FA990EAB2471BA6C004D91D7 /* UserInfoVC.swift in Sources */ = {isa = PBXBuildFile; fileRef = FA990EAA2471BA6C004D91D7 /* UserInfoVC.swift */; };
		FA990EAD24732211004D91D7 /* GFError.swift in Sources */ = {isa = PBXBuildFile; fileRef = FA990EAC24732211004D91D7 /* GFError.swift */; };
		FA990EAF2476EDAA004D91D7 /* GFUserInfoHeaderVC.swift in Sources */ = {isa = PBXBuildFile; fileRef = FA990EAE2476EDA9004D91D7 /* GFUserInfoHeaderVC.swift */; };
		FA990EB12476EDD3004D91D7 /* GFSecondaryTitleLabel.swift in Sources */ = {isa = PBXBuildFile; fileRef = FA990EB02476EDD3004D91D7 /* GFSecondaryTitleLabel.swift */; };
		FA990EB32476F611004D91D7 /* Constants.swift in Sources */ = {isa = PBXBuildFile; fileRef = FA990EB22476F611004D91D7 /* Constants.swift */; };
		FAB544D023F5E418003516EA /* AppDelegate.swift in Sources */ = {isa = PBXBuildFile; fileRef = FAB544CF23F5E418003516EA /* AppDelegate.swift */; };
		FAB544D223F5E418003516EA /* SceneDelegate.swift in Sources */ = {isa = PBXBuildFile; fileRef = FAB544D123F5E418003516EA /* SceneDelegate.swift */; };
		FAB544D923F5E420003516EA /* Assets.xcassets in Resources */ = {isa = PBXBuildFile; fileRef = FAB544D823F5E420003516EA /* Assets.xcassets */; };
		FAB544DC23F5E420003516EA /* LaunchScreen.storyboard in Resources */ = {isa = PBXBuildFile; fileRef = FAB544DA23F5E420003516EA /* LaunchScreen.storyboard */; };
		FAB544E423F5EBC6003516EA /* SearchVC.swift in Sources */ = {isa = PBXBuildFile; fileRef = FAB544E323F5EBC6003516EA /* SearchVC.swift */; };
		FAB544E623F5EC35003516EA /* FavoritesListVC.swift in Sources */ = {isa = PBXBuildFile; fileRef = FAB544E523F5EC35003516EA /* FavoritesListVC.swift */; };
		FAB544E823F7270C003516EA /* GFButton.swift in Sources */ = {isa = PBXBuildFile; fileRef = FAB544E723F7270C003516EA /* GFButton.swift */; };
		FAB544EA23F72914003516EA /* GFTextField.swift in Sources */ = {isa = PBXBuildFile; fileRef = FAB544E923F72914003516EA /* GFTextField.swift */; };
		FAB544EC23F73679003516EA /* FollowerListVC.swift in Sources */ = {isa = PBXBuildFile; fileRef = FAB544EB23F73679003516EA /* FollowerListVC.swift */; };
		FAB544EE23F7EB03003516EA /* GFTitleLabel.swift in Sources */ = {isa = PBXBuildFile; fileRef = FAB544ED23F7EB03003516EA /* GFTitleLabel.swift */; };
		FAB544F023F7EC4F003516EA /* GFBodyLabel.swift in Sources */ = {isa = PBXBuildFile; fileRef = FAB544EF23F7EC4F003516EA /* GFBodyLabel.swift */; };
		FAB544F223F7ED0C003516EA /* GFAlertVC.swift in Sources */ = {isa = PBXBuildFile; fileRef = FAB544F123F7ED0C003516EA /* GFAlertVC.swift */; };
		FAB544F423F7F381003516EA /* UIViewController+Ext.swift in Sources */ = {isa = PBXBuildFile; fileRef = FAB544F323F7F381003516EA /* UIViewController+Ext.swift */; };
		FAB544FA23F81DA8003516EA /* GFAlertContainerView.swift in Sources */ = {isa = PBXBuildFile; fileRef = FAB544F923F81DA8003516EA /* GFAlertContainerView.swift */; };
		FAB544FF23FDC95A003516EA /* Follower.swift in Sources */ = {isa = PBXBuildFile; fileRef = FAB544FE23FDC95A003516EA /* Follower.swift */; };
		FAB5450123FDCA20003516EA /* User.swift in Sources */ = {isa = PBXBuildFile; fileRef = FAB5450023FDCA20003516EA /* User.swift */; };
		FAB5450423FDCDE0003516EA /* NetworkManager.swift in Sources */ = {isa = PBXBuildFile; fileRef = FAB5450323FDCDE0003516EA /* NetworkManager.swift */; };
		FAB5452C2403BF30003516EA /* FollowerCell.swift in Sources */ = {isa = PBXBuildFile; fileRef = FAB5452B2403BF30003516EA /* FollowerCell.swift */; };
		FAB5452E2403BFB7003516EA /* GFAvatarImageView.swift in Sources */ = {isa = PBXBuildFile; fileRef = FAB5452D2403BFB7003516EA /* GFAvatarImageView.swift */; };
		FAF3BD1E245D96A800217EAB /* GFEmptyStateView.swift in Sources */ = {isa = PBXBuildFile; fileRef = FAF3BD1D245D96A800217EAB /* GFEmptyStateView.swift */; };
/* End PBXBuildFile section */

/* Begin PBXFileReference section */
		FA8ABD6A241D62FC00034F1D /* UIHelper.swift */ = {isa = PBXFileReference; lastKnownFileType = sourcecode.swift; path = UIHelper.swift; sourceTree = "<group>"; };
		FA990EAA2471BA6C004D91D7 /* UserInfoVC.swift */ = {isa = PBXFileReference; lastKnownFileType = sourcecode.swift; path = UserInfoVC.swift; sourceTree = "<group>"; };
		FA990EAC24732211004D91D7 /* GFError.swift */ = {isa = PBXFileReference; lastKnownFileType = sourcecode.swift; path = GFError.swift; sourceTree = "<group>"; };
		FA990EAE2476EDA9004D91D7 /* GFUserInfoHeaderVC.swift */ = {isa = PBXFileReference; lastKnownFileType = sourcecode.swift; path = GFUserInfoHeaderVC.swift; sourceTree = "<group>"; };
		FA990EB02476EDD3004D91D7 /* GFSecondaryTitleLabel.swift */ = {isa = PBXFileReference; lastKnownFileType = sourcecode.swift; path = GFSecondaryTitleLabel.swift; sourceTree = "<group>"; };
		FA990EB22476F611004D91D7 /* Constants.swift */ = {isa = PBXFileReference; lastKnownFileType = sourcecode.swift; path = Constants.swift; sourceTree = "<group>"; };
		FAB544CC23F5E418003516EA /* GithubFollowers.app */ = {isa = PBXFileReference; explicitFileType = wrapper.application; includeInIndex = 0; path = GithubFollowers.app; sourceTree = BUILT_PRODUCTS_DIR; };
		FAB544CF23F5E418003516EA /* AppDelegate.swift */ = {isa = PBXFileReference; lastKnownFileType = sourcecode.swift; path = AppDelegate.swift; sourceTree = "<group>"; };
		FAB544D123F5E418003516EA /* SceneDelegate.swift */ = {isa = PBXFileReference; lastKnownFileType = sourcecode.swift; path = SceneDelegate.swift; sourceTree = "<group>"; };
		FAB544D823F5E420003516EA /* Assets.xcassets */ = {isa = PBXFileReference; lastKnownFileType = folder.assetcatalog; path = Assets.xcassets; sourceTree = "<group>"; };
		FAB544DB23F5E420003516EA /* Base */ = {isa = PBXFileReference; lastKnownFileType = file.storyboard; name = Base; path = Base.lproj/LaunchScreen.storyboard; sourceTree = "<group>"; };
		FAB544DD23F5E420003516EA /* Info.plist */ = {isa = PBXFileReference; lastKnownFileType = text.plist.xml; path = Info.plist; sourceTree = "<group>"; };
		FAB544E323F5EBC6003516EA /* SearchVC.swift */ = {isa = PBXFileReference; lastKnownFileType = sourcecode.swift; path = SearchVC.swift; sourceTree = "<group>"; };
		FAB544E523F5EC35003516EA /* FavoritesListVC.swift */ = {isa = PBXFileReference; lastKnownFileType = sourcecode.swift; path = FavoritesListVC.swift; sourceTree = "<group>"; };
		FAB544E723F7270C003516EA /* GFButton.swift */ = {isa = PBXFileReference; lastKnownFileType = sourcecode.swift; path = GFButton.swift; sourceTree = "<group>"; };
		FAB544E923F72914003516EA /* GFTextField.swift */ = {isa = PBXFileReference; lastKnownFileType = sourcecode.swift; path = GFTextField.swift; sourceTree = "<group>"; };
		FAB544EB23F73679003516EA /* FollowerListVC.swift */ = {isa = PBXFileReference; lastKnownFileType = sourcecode.swift; path = FollowerListVC.swift; sourceTree = "<group>"; };
		FAB544ED23F7EB03003516EA /* GFTitleLabel.swift */ = {isa = PBXFileReference; lastKnownFileType = sourcecode.swift; path = GFTitleLabel.swift; sourceTree = "<group>"; };
		FAB544EF23F7EC4F003516EA /* GFBodyLabel.swift */ = {isa = PBXFileReference; lastKnownFileType = sourcecode.swift; path = GFBodyLabel.swift; sourceTree = "<group>"; };
		FAB544F123F7ED0C003516EA /* GFAlertVC.swift */ = {isa = PBXFileReference; lastKnownFileType = sourcecode.swift; path = GFAlertVC.swift; sourceTree = "<group>"; };
		FAB544F323F7F381003516EA /* UIViewController+Ext.swift */ = {isa = PBXFileReference; lastKnownFileType = sourcecode.swift; path = "UIViewController+Ext.swift"; sourceTree = "<group>"; };
		FAB544F923F81DA8003516EA /* GFAlertContainerView.swift */ = {isa = PBXFileReference; lastKnownFileType = sourcecode.swift; path = GFAlertContainerView.swift; sourceTree = "<group>"; };
		FAB544FE23FDC95A003516EA /* Follower.swift */ = {isa = PBXFileReference; lastKnownFileType = sourcecode.swift; path = Follower.swift; sourceTree = "<group>"; };
		FAB5450023FDCA20003516EA /* User.swift */ = {isa = PBXFileReference; lastKnownFileType = sourcecode.swift; path = User.swift; sourceTree = "<group>"; };
		FAB5450323FDCDE0003516EA /* NetworkManager.swift */ = {isa = PBXFileReference; lastKnownFileType = sourcecode.swift; path = NetworkManager.swift; sourceTree = "<group>"; };
		FAB5452B2403BF30003516EA /* FollowerCell.swift */ = {isa = PBXFileReference; lastKnownFileType = sourcecode.swift; path = FollowerCell.swift; sourceTree = "<group>"; };
		FAB5452D2403BFB7003516EA /* GFAvatarImageView.swift */ = {isa = PBXFileReference; lastKnownFileType = sourcecode.swift; path = GFAvatarImageView.swift; sourceTree = "<group>"; };
		FAF3BD1D245D96A800217EAB /* GFEmptyStateView.swift */ = {isa = PBXFileReference; lastKnownFileType = sourcecode.swift; path = GFEmptyStateView.swift; sourceTree = "<group>"; };
/* End PBXFileReference section */

/* Begin PBXFrameworksBuildPhase section */
		FAB544C923F5E418003516EA /* Frameworks */ = {
			isa = PBXFrameworksBuildPhase;
			buildActionMask = 2147483647;
			files = (
			);
			runOnlyForDeploymentPostprocessing = 0;
		};
/* End PBXFrameworksBuildPhase section */

/* Begin PBXGroup section */
		FAB544C323F5E418003516EA = {
			isa = PBXGroup;
			children = (
				FAB544CE23F5E418003516EA /* GithubFollowers */,
				FAB544DD23F5E420003516EA /* Info.plist */,
				FAB544CD23F5E418003516EA /* Products */,
			);
			sourceTree = "<group>";
		};
		FAB544CD23F5E418003516EA /* Products */ = {
			isa = PBXGroup;
			children = (
				FAB544CC23F5E418003516EA /* GithubFollowers.app */,
			);
			name = Products;
			sourceTree = "<group>";
		};
		FAB544CE23F5E418003516EA /* GithubFollowers */ = {
			isa = PBXGroup;
			children = (
				FAB5450724015E30003516EA /* Utilities */,
				FAB5450223FDCDBE003516EA /* Managers */,
				FAB544FD23FDC943003516EA /* Model */,
				FAB544F723F8151F003516EA /* Extensions */,
				FAB544F623F814E9003516EA /* Custom Views */,
				FAB544F523F8149B003516EA /* Screens */,
				FAB544F823F81579003516EA /* Support */,
			);
			path = GithubFollowers;
			sourceTree = "<group>";
		};
		FAB544F523F8149B003516EA /* Screens */ = {
			isa = PBXGroup;
			children = (
				FAB544E323F5EBC6003516EA /* SearchVC.swift */,
				FAB544EB23F73679003516EA /* FollowerListVC.swift */,
				FAB544E523F5EC35003516EA /* FavoritesListVC.swift */,
				FA990EAA2471BA6C004D91D7 /* UserInfoVC.swift */,
			);
			path = Screens;
			sourceTree = "<group>";
		};
		FAB544F623F814E9003516EA /* Custom Views */ = {
			isa = PBXGroup;
			children = (
				FAF3BD1C245D94E400217EAB /* TextFields */,
				FAF3BD1B245D94BD00217EAB /* Labels */,
				FAF3BD1A245D94B000217EAB /* View Contollers */,
				FAF3BD19245D949E00217EAB /* ImageViews */,
				FAF3BD18245D949400217EAB /* Buttons */,
				FAF3BD17245D948B00217EAB /* Views */,
				FAB5452A2403BEF1003516EA /* Cells */,
				FAB544F923F81DA8003516EA /* GFAlertContainerView.swift */,
			);
			path = "Custom Views";
			sourceTree = "<group>";
		};
		FAB544F723F8151F003516EA /* Extensions */ = {
			isa = PBXGroup;
			children = (
				FAB544F323F7F381003516EA /* UIViewController+Ext.swift */,
			);
			path = Extensions;
			sourceTree = "<group>";
		};
		FAB544F823F81579003516EA /* Support */ = {
			isa = PBXGroup;
			children = (
				FAB544CF23F5E418003516EA /* AppDelegate.swift */,
				FAB544D123F5E418003516EA /* SceneDelegate.swift */,
				FAB544D823F5E420003516EA /* Assets.xcassets */,
				FAB544DA23F5E420003516EA /* LaunchScreen.storyboard */,
			);
			path = Support;
			sourceTree = "<group>";
		};
		FAB544FD23FDC943003516EA /* Model */ = {
			isa = PBXGroup;
			children = (
				FAB544FE23FDC95A003516EA /* Follower.swift */,
				FAB5450023FDCA20003516EA /* User.swift */,
			);
			path = Model;
			sourceTree = "<group>";
		};
		FAB5450223FDCDBE003516EA /* Managers */ = {
			isa = PBXGroup;
			children = (
				FAB5450323FDCDE0003516EA /* NetworkManager.swift */,
			);
			path = Managers;
			sourceTree = "<group>";
		};
		FAB5450724015E30003516EA /* Utilities */ = {
			isa = PBXGroup;
			children = (
				FA8ABD6A241D62FC00034F1D /* UIHelper.swift */,
				FA990EAC24732211004D91D7 /* GFError.swift */,
				FA990EB22476F611004D91D7 /* Constants.swift */,
			);
			path = Utilities;
			sourceTree = "<group>";
		};
		FAB5452A2403BEF1003516EA /* Cells */ = {
			isa = PBXGroup;
			children = (
				FAB5452B2403BF30003516EA /* FollowerCell.swift */,
			);
			path = Cells;
			sourceTree = "<group>";
		};
		FAF3BD17245D948B00217EAB /* Views */ = {
			isa = PBXGroup;
			children = (
				FAF3BD1D245D96A800217EAB /* GFEmptyStateView.swift */,
			);
			path = Views;
			sourceTree = "<group>";
		};
		FAF3BD18245D949400217EAB /* Buttons */ = {
			isa = PBXGroup;
			children = (
				FAB544E723F7270C003516EA /* GFButton.swift */,
			);
			path = Buttons;
			sourceTree = "<group>";
		};
		FAF3BD19245D949E00217EAB /* ImageViews */ = {
			isa = PBXGroup;
			children = (
				FAB5452D2403BFB7003516EA /* GFAvatarImageView.swift */,
			);
			path = ImageViews;
			sourceTree = "<group>";
		};
		FAF3BD1A245D94B000217EAB /* View Contollers */ = {
			isa = PBXGroup;
			children = (
				FAB544F123F7ED0C003516EA /* GFAlertVC.swift */,
				FA990EAE2476EDA9004D91D7 /* GFUserInfoHeaderVC.swift */,
			);
			path = "View Contollers";
			sourceTree = "<group>";
		};
		FAF3BD1B245D94BD00217EAB /* Labels */ = {
			isa = PBXGroup;
			children = (
				FAB544ED23F7EB03003516EA /* GFTitleLabel.swift */,
				FAB544EF23F7EC4F003516EA /* GFBodyLabel.swift */,
				FA990EB02476EDD3004D91D7 /* GFSecondaryTitleLabel.swift */,
			);
			path = Labels;
			sourceTree = "<group>";
		};
		FAF3BD1C245D94E400217EAB /* TextFields */ = {
			isa = PBXGroup;
			children = (
				FAB544E923F72914003516EA /* GFTextField.swift */,
			);
			path = TextFields;
			sourceTree = "<group>";
		};
/* End PBXGroup section */

/* Begin PBXNativeTarget section */
		FAB544CB23F5E418003516EA /* GithubFollowers */ = {
			isa = PBXNativeTarget;
			buildConfigurationList = FAB544E023F5E420003516EA /* Build configuration list for PBXNativeTarget "GithubFollowers" */;
			buildPhases = (
				FAB544C823F5E418003516EA /* Sources */,
				FAB544C923F5E418003516EA /* Frameworks */,
				FAB544CA23F5E418003516EA /* Resources */,
			);
			buildRules = (
			);
			dependencies = (
			);
			name = GithubFollowers;
			productName = GithubFollowers;
			productReference = FAB544CC23F5E418003516EA /* GithubFollowers.app */;
			productType = "com.apple.product-type.application";
		};
/* End PBXNativeTarget section */

/* Begin PBXProject section */
		FAB544C423F5E418003516EA /* Project object */ = {
			isa = PBXProject;
			attributes = {
				LastSwiftUpdateCheck = 1130;
				LastUpgradeCheck = 1130;
				ORGANIZATIONNAME = matt_spb_dev;
				TargetAttributes = {
					FAB544CB23F5E418003516EA = {
						CreatedOnToolsVersion = 11.3.1;
					};
				};
			};
			buildConfigurationList = FAB544C723F5E418003516EA /* Build configuration list for PBXProject "GithubFollowers" */;
			compatibilityVersion = "Xcode 9.3";
			developmentRegion = en;
			hasScannedForEncodings = 0;
			knownRegions = (
				en,
				Base,
			);
			mainGroup = FAB544C323F5E418003516EA;
			productRefGroup = FAB544CD23F5E418003516EA /* Products */;
			projectDirPath = "";
			projectRoot = "";
			targets = (
				FAB544CB23F5E418003516EA /* GithubFollowers */,
			);
		};
/* End PBXProject section */

/* Begin PBXResourcesBuildPhase section */
		FAB544CA23F5E418003516EA /* Resources */ = {
			isa = PBXResourcesBuildPhase;
			buildActionMask = 2147483647;
			files = (
				FAB544DC23F5E420003516EA /* LaunchScreen.storyboard in Resources */,
				FAB544D923F5E420003516EA /* Assets.xcassets in Resources */,
			);
			runOnlyForDeploymentPostprocessing = 0;
		};
/* End PBXResourcesBuildPhase section */

/* Begin PBXSourcesBuildPhase section */
		FAB544C823F5E418003516EA /* Sources */ = {
			isa = PBXSourcesBuildPhase;
			buildActionMask = 2147483647;
			files = (
				FAB544FA23F81DA8003516EA /* GFAlertContainerView.swift in Sources */,
				FA990EAD24732211004D91D7 /* GFError.swift in Sources */,
				FAB544EA23F72914003516EA /* GFTextField.swift in Sources */,
				FA990EAF2476EDAA004D91D7 /* GFUserInfoHeaderVC.swift in Sources */,
				FAB544E623F5EC35003516EA /* FavoritesListVC.swift in Sources */,
				FAB544E823F7270C003516EA /* GFButton.swift in Sources */,
				FAB544F423F7F381003516EA /* UIViewController+Ext.swift in Sources */,
				FA990EB12476EDD3004D91D7 /* GFSecondaryTitleLabel.swift in Sources */,
				FAF3BD1E245D96A800217EAB /* GFEmptyStateView.swift in Sources */,
				FAB544E423F5EBC6003516EA /* SearchVC.swift in Sources */,
				FAB5450123FDCA20003516EA /* User.swift in Sources */,
				FAB5452C2403BF30003516EA /* FollowerCell.swift in Sources */,
				FAB5452E2403BFB7003516EA /* GFAvatarImageView.swift in Sources */,
				FAB544F223F7ED0C003516EA /* GFAlertVC.swift in Sources */,
				FA990EAB2471BA6C004D91D7 /* UserInfoVC.swift in Sources */,
				FAB544FF23FDC95A003516EA /* Follower.swift in Sources */,
				FAB544F023F7EC4F003516EA /* GFBodyLabel.swift in Sources */,
				FAB544EE23F7EB03003516EA /* GFTitleLabel.swift in Sources */,
				FAB544D023F5E418003516EA /* AppDelegate.swift in Sources */,
				FA8ABD6B241D62FC00034F1D /* UIHelper.swift in Sources */,
				FAB5450423FDCDE0003516EA /* NetworkManager.swift in Sources */,
				FAB544D223F5E418003516EA /* SceneDelegate.swift in Sources */,
				FAB544EC23F73679003516EA /* FollowerListVC.swift in Sources */,
				FA990EB32476F611004D91D7 /* Constants.swift in Sources */,
			);
			runOnlyForDeploymentPostprocessing = 0;
		};
/* End PBXSourcesBuildPhase section */

/* Begin PBXVariantGroup section */
		FAB544DA23F5E420003516EA /* LaunchScreen.storyboard */ = {
			isa = PBXVariantGroup;
			children = (
				FAB544DB23F5E420003516EA /* Base */,
			);
			name = LaunchScreen.storyboard;
			sourceTree = "<group>";
		};
/* End PBXVariantGroup section */

/* Begin XCBuildConfiguration section */
		FAB544DE23F5E420003516EA /* Debug */ = {
			isa = XCBuildConfiguration;
			buildSettings = {
				ALWAYS_SEARCH_USER_PATHS = NO;
				CLANG_ANALYZER_NONNULL = YES;
				CLANG_ANALYZER_NUMBER_OBJECT_CONVERSION = YES_AGGRESSIVE;
				CLANG_CXX_LANGUAGE_STANDARD = "gnu++14";
				CLANG_CXX_LIBRARY = "libc++";
				CLANG_ENABLE_MODULES = YES;
				CLANG_ENABLE_OBJC_ARC = YES;
				CLANG_ENABLE_OBJC_WEAK = YES;
				CLANG_WARN_BLOCK_CAPTURE_AUTORELEASING = YES;
				CLANG_WARN_BOOL_CONVERSION = YES;
				CLANG_WARN_COMMA = YES;
				CLANG_WARN_CONSTANT_CONVERSION = YES;
				CLANG_WARN_DEPRECATED_OBJC_IMPLEMENTATIONS = YES;
				CLANG_WARN_DIRECT_OBJC_ISA_USAGE = YES_ERROR;
				CLANG_WARN_DOCUMENTATION_COMMENTS = YES;
				CLANG_WARN_EMPTY_BODY = YES;
				CLANG_WARN_ENUM_CONVERSION = YES;
				CLANG_WARN_INFINITE_RECURSION = YES;
				CLANG_WARN_INT_CONVERSION = YES;
				CLANG_WARN_NON_LITERAL_NULL_CONVERSION = YES;
				CLANG_WARN_OBJC_IMPLICIT_RETAIN_SELF = YES;
				CLANG_WARN_OBJC_LITERAL_CONVERSION = YES;
				CLANG_WARN_OBJC_ROOT_CLASS = YES_ERROR;
				CLANG_WARN_RANGE_LOOP_ANALYSIS = YES;
				CLANG_WARN_STRICT_PROTOTYPES = YES;
				CLANG_WARN_SUSPICIOUS_MOVE = YES;
				CLANG_WARN_UNGUARDED_AVAILABILITY = YES_AGGRESSIVE;
				CLANG_WARN_UNREACHABLE_CODE = YES;
				CLANG_WARN__DUPLICATE_METHOD_MATCH = YES;
				COPY_PHASE_STRIP = NO;
				DEBUG_INFORMATION_FORMAT = dwarf;
				ENABLE_STRICT_OBJC_MSGSEND = YES;
				ENABLE_TESTABILITY = YES;
				GCC_C_LANGUAGE_STANDARD = gnu11;
				GCC_DYNAMIC_NO_PIC = NO;
				GCC_NO_COMMON_BLOCKS = YES;
				GCC_OPTIMIZATION_LEVEL = 0;
				GCC_PREPROCESSOR_DEFINITIONS = (
					"DEBUG=1",
					"$(inherited)",
				);
				GCC_WARN_64_TO_32_BIT_CONVERSION = YES;
				GCC_WARN_ABOUT_RETURN_TYPE = YES_ERROR;
				GCC_WARN_UNDECLARED_SELECTOR = YES;
				GCC_WARN_UNINITIALIZED_AUTOS = YES_AGGRESSIVE;
				GCC_WARN_UNUSED_FUNCTION = YES;
				GCC_WARN_UNUSED_VARIABLE = YES;
				IPHONEOS_DEPLOYMENT_TARGET = 13.2;
				MTL_ENABLE_DEBUG_INFO = INCLUDE_SOURCE;
				MTL_FAST_MATH = YES;
				ONLY_ACTIVE_ARCH = YES;
				SDKROOT = iphoneos;
				SWIFT_ACTIVE_COMPILATION_CONDITIONS = DEBUG;
				SWIFT_OPTIMIZATION_LEVEL = "-Onone";
			};
			name = Debug;
		};
		FAB544DF23F5E420003516EA /* Release */ = {
			isa = XCBuildConfiguration;
			buildSettings = {
				ALWAYS_SEARCH_USER_PATHS = NO;
				CLANG_ANALYZER_NONNULL = YES;
				CLANG_ANALYZER_NUMBER_OBJECT_CONVERSION = YES_AGGRESSIVE;
				CLANG_CXX_LANGUAGE_STANDARD = "gnu++14";
				CLANG_CXX_LIBRARY = "libc++";
				CLANG_ENABLE_MODULES = YES;
				CLANG_ENABLE_OBJC_ARC = YES;
				CLANG_ENABLE_OBJC_WEAK = YES;
				CLANG_WARN_BLOCK_CAPTURE_AUTORELEASING = YES;
				CLANG_WARN_BOOL_CONVERSION = YES;
				CLANG_WARN_COMMA = YES;
				CLANG_WARN_CONSTANT_CONVERSION = YES;
				CLANG_WARN_DEPRECATED_OBJC_IMPLEMENTATIONS = YES;
				CLANG_WARN_DIRECT_OBJC_ISA_USAGE = YES_ERROR;
				CLANG_WARN_DOCUMENTATION_COMMENTS = YES;
				CLANG_WARN_EMPTY_BODY = YES;
				CLANG_WARN_ENUM_CONVERSION = YES;
				CLANG_WARN_INFINITE_RECURSION = YES;
				CLANG_WARN_INT_CONVERSION = YES;
				CLANG_WARN_NON_LITERAL_NULL_CONVERSION = YES;
				CLANG_WARN_OBJC_IMPLICIT_RETAIN_SELF = YES;
				CLANG_WARN_OBJC_LITERAL_CONVERSION = YES;
				CLANG_WARN_OBJC_ROOT_CLASS = YES_ERROR;
				CLANG_WARN_RANGE_LOOP_ANALYSIS = YES;
				CLANG_WARN_STRICT_PROTOTYPES = YES;
				CLANG_WARN_SUSPICIOUS_MOVE = YES;
				CLANG_WARN_UNGUARDED_AVAILABILITY = YES_AGGRESSIVE;
				CLANG_WARN_UNREACHABLE_CODE = YES;
				CLANG_WARN__DUPLICATE_METHOD_MATCH = YES;
				COPY_PHASE_STRIP = NO;
				DEBUG_INFORMATION_FORMAT = "dwarf-with-dsym";
				ENABLE_NS_ASSERTIONS = NO;
				ENABLE_STRICT_OBJC_MSGSEND = YES;
				GCC_C_LANGUAGE_STANDARD = gnu11;
				GCC_NO_COMMON_BLOCKS = YES;
				GCC_WARN_64_TO_32_BIT_CONVERSION = YES;
				GCC_WARN_ABOUT_RETURN_TYPE = YES_ERROR;
				GCC_WARN_UNDECLARED_SELECTOR = YES;
				GCC_WARN_UNINITIALIZED_AUTOS = YES_AGGRESSIVE;
				GCC_WARN_UNUSED_FUNCTION = YES;
				GCC_WARN_UNUSED_VARIABLE = YES;
				IPHONEOS_DEPLOYMENT_TARGET = 13.2;
				MTL_ENABLE_DEBUG_INFO = NO;
				MTL_FAST_MATH = YES;
				SDKROOT = iphoneos;
				SWIFT_COMPILATION_MODE = wholemodule;
				SWIFT_OPTIMIZATION_LEVEL = "-O";
				VALIDATE_PRODUCT = YES;
			};
			name = Release;
		};
		FAB544E123F5E420003516EA /* Debug */ = {
			isa = XCBuildConfiguration;
			buildSettings = {
				ASSETCATALOG_COMPILER_APPICON_NAME = AppIcon;
				CODE_SIGN_STYLE = Automatic;
				DEVELOPMENT_TEAM = 986NFG9Y4U;
				INFOPLIST_FILE = GithubFollowers/Info.plist;
				LD_RUNPATH_SEARCH_PATHS = (
					"$(inherited)",
					"@executable_path/Frameworks",
				);
				PRODUCT_BUNDLE_IDENTIFIER = FM.GithubFollowers;
				PRODUCT_NAME = "$(TARGET_NAME)";
				SWIFT_VERSION = 5.0;
				TARGETED_DEVICE_FAMILY = 1;
			};
			name = Debug;
		};
		FAB544E223F5E420003516EA /* Release */ = {
			isa = XCBuildConfiguration;
			buildSettings = {
				ASSETCATALOG_COMPILER_APPICON_NAME = AppIcon;
				CODE_SIGN_STYLE = Automatic;
				DEVELOPMENT_TEAM = 986NFG9Y4U;
				INFOPLIST_FILE = GithubFollowers/Info.plist;
				LD_RUNPATH_SEARCH_PATHS = (
					"$(inherited)",
					"@executable_path/Frameworks",
				);
				PRODUCT_BUNDLE_IDENTIFIER = FM.GithubFollowers;
				PRODUCT_NAME = "$(TARGET_NAME)";
				SWIFT_VERSION = 5.0;
				TARGETED_DEVICE_FAMILY = 1;
			};
			name = Release;
		};
/* End XCBuildConfiguration section */

/* Begin XCConfigurationList section */
		FAB544C723F5E418003516EA /* Build configuration list for PBXProject "GithubFollowers" */ = {
			isa = XCConfigurationList;
			buildConfigurations = (
				FAB544DE23F5E420003516EA /* Debug */,
				FAB544DF23F5E420003516EA /* Release */,
			);
			defaultConfigurationIsVisible = 0;
			defaultConfigurationName = Release;
		};
		FAB544E023F5E420003516EA /* Build configuration list for PBXNativeTarget "GithubFollowers" */ = {
			isa = XCConfigurationList;
			buildConfigurations = (
				FAB544E123F5E420003516EA /* Debug */,
				FAB544E223F5E420003516EA /* Release */,
			);
			defaultConfigurationIsVisible = 0;
			defaultConfigurationName = Release;
		};
/* End XCConfigurationList section */
	};
	rootObject = FAB544C423F5E418003516EA /* Project object */;
}
